
Microsoft Visual Studio Solution File, Format Version 12.00
# Visual Studio Version 16
VisualStudioVersion = 16.0.32602.291
MinimumVisualStudioVersion = 10.0.40219.1
Project("{9A19103F-16F7-4668-BE54-9A1E7A4F7556}") = "Summator", "Summator\Summator.csproj", "{48474601-D8F1-45CD-B7AD-992647B2D0A3}"
EndProject
Project("{9A19103F-16F7-4668-BE54-9A1E7A4F7556}") = "Summator.Tests", "Summator.Tests\Summator.Tests.csproj", "{978B3814-9748-42CD-AA6D-C5B41FD68454}"
EndProject
Global
	GlobalSection(SolutionConfigurationPlatforms) = preSolution
		Debug|Any CPU = Debug|Any CPU
		Release|Any CPU = Release|Any CPU
	EndGlobalSection
	GlobalSection(ProjectConfigurationPlatforms) = postSolution
		{48474601-D8F1-45CD-B7AD-992647B2D0A3}.Debug|Any CPU.ActiveCfg = Debug|Any CPU
		{48474601-D8F1-45CD-B7AD-992647B2D0A3}.Debug|Any CPU.Build.0 = Debug|Any CPU
		{48474601-D8F1-45CD-B7AD-992647B2D0A3}.Release|Any CPU.ActiveCfg = Release|Any CPU
		{48474601-D8F1-45CD-B7AD-992647B2D0A3}.Release|Any CPU.Build.0 = Release|Any CPU
		{978B3814-9748-42CD-AA6D-C5B41FD68454}.Debug|Any CPU.ActiveCfg = Debug|Any CPU
		{978B3814-9748-42CD-AA6D-C5B41FD68454}.Debug|Any CPU.Build.0 = Debug|Any CPU
		{978B3814-9748-42CD-AA6D-C5B41FD68454}.Release|Any CPU.ActiveCfg = Release|Any CPU
		{978B3814-9748-42CD-AA6D-C5B41FD68454}.Release|Any CPU.Build.0 = Release|Any CPU
	EndGlobalSection
	GlobalSection(SolutionProperties) = preSolution
		HideSolutionNode = FALSE
	EndGlobalSection
	GlobalSection(ExtensibilityGlobals) = postSolution
		SolutionGuid = {3360262D-EF44-49A4-B63C-76BE80042B38}
	EndGlobalSection
EndGlobal
